// !$*UTF8*$!
{
	archiveVersion = 1;
	classes = {
	};
	objectVersion = 55;
	objects = {

/* Begin PBXBuildFile section */
		C53844F1288F153D009531FF /* ViewModel.swift in Sources */ = {isa = PBXBuildFile; fileRef = C53844F0288F153D009531FF /* ViewModel.swift */; };
		C53844F3288F1557009531FF /* RocketVC.swift in Sources */ = {isa = PBXBuildFile; fileRef = C53844F2288F1557009531FF /* RocketVC.swift */; };
		C53844F5288F158F009531FF /* RocketsPageVC.swift in Sources */ = {isa = PBXBuildFile; fileRef = C53844F4288F158F009531FF /* RocketsPageVC.swift */; };
		C53844F8288F16C8009531FF /* RocketCollectionView.swift in Sources */ = {isa = PBXBuildFile; fileRef = C53844F7288F16C8009531FF /* RocketCollectionView.swift */; };
		C53844FA288F171F009531FF /* RocketCompositionalLayout.swift in Sources */ = {isa = PBXBuildFile; fileRef = C53844F9288F171F009531FF /* RocketCompositionalLayout.swift */; };
		C53844FC288F7983009531FF /* ImageViewCell.swift in Sources */ = {isa = PBXBuildFile; fileRef = C53844FB288F7983009531FF /* ImageViewCell.swift */; };
		C5384503288F90EA009531FF /* HeaderView.swift in Sources */ = {isa = PBXBuildFile; fileRef = C5384502288F90EA009531FF /* HeaderView.swift */; };
		C5384506288F96DB009531FF /* UIView+Ext.swift in Sources */ = {isa = PBXBuildFile; fileRef = C5384505288F96DB009531FF /* UIView+Ext.swift */; };
		C5384507288F982B009531FF /* LabGrotesque-Light.ttf in Resources */ = {isa = PBXBuildFile; fileRef = C5384500288F900A009531FF /* LabGrotesque-Light.ttf */; };
		C5384508288F982B009531FF /* LabGrotesque-Bold.ttf in Resources */ = {isa = PBXBuildFile; fileRef = C5384501288F900A009531FF /* LabGrotesque-Bold.ttf */; };
		C5384509288F982B009531FF /* LabGrotesque-Medium.ttf in Resources */ = {isa = PBXBuildFile; fileRef = C53844FF288F900A009531FF /* LabGrotesque-Medium.ttf */; };
		C538450A288F982B009531FF /* LabGrotesque-Regular.ttf in Resources */ = {isa = PBXBuildFile; fileRef = C53844FE288F900A009531FF /* LabGrotesque-Regular.ttf */; };
		C538450C288FA4C8009531FF /* MainInfoViewCell.swift in Sources */ = {isa = PBXBuildFile; fileRef = C538450B288FA4C8009531FF /* MainInfoViewCell.swift */; };
		C538450E288FA9CC009531FF /* SquareViewCell.swift in Sources */ = {isa = PBXBuildFile; fileRef = C538450D288FA9CC009531FF /* SquareViewCell.swift */; };
		C5384510288FAB13009531FF /* UIColor+Ext.swift in Sources */ = {isa = PBXBuildFile; fileRef = C538450F288FAB13009531FF /* UIColor+Ext.swift */; };
		C5384512288FAD2F009531FF /* LabelHeadlineView.swift in Sources */ = {isa = PBXBuildFile; fileRef = C5384511288FAD2F009531FF /* LabelHeadlineView.swift */; };
		C5384514288FAD6C009531FF /* ButtonFooterView.swift in Sources */ = {isa = PBXBuildFile; fileRef = C5384513288FAD6C009531FF /* ButtonFooterView.swift */; };
		C5C584C528AC1D630072A168 /* Screens.swift in Sources */ = {isa = PBXBuildFile; fileRef = C5C584C428AC1D630072A168 /* Screens.swift */; };
		C5E1BC29288B817100A7CB5A /* AppDelegate.swift in Sources */ = {isa = PBXBuildFile; fileRef = C5E1BC28288B817100A7CB5A /* AppDelegate.swift */; };
		C5E1BC2B288B817100A7CB5A /* SceneDelegate.swift in Sources */ = {isa = PBXBuildFile; fileRef = C5E1BC2A288B817100A7CB5A /* SceneDelegate.swift */; };
		C5E1BC32288B817200A7CB5A /* Assets.xcassets in Resources */ = {isa = PBXBuildFile; fileRef = C5E1BC31288B817200A7CB5A /* Assets.xcassets */; };
		C5E1BC42288B87D000A7CB5A /* RocketModel.swift in Sources */ = {isa = PBXBuildFile; fileRef = C5E1BC41288B87D000A7CB5A /* RocketModel.swift */; };
		C5E1BC44288B888500A7CB5A /* MeasurementModel.swift in Sources */ = {isa = PBXBuildFile; fileRef = C5E1BC43288B888500A7CB5A /* MeasurementModel.swift */; };
		C5E1BC49288B8F6900A7CB5A /* NetworkLayer.swift in Sources */ = {isa = PBXBuildFile; fileRef = C5E1BC48288B8F6900A7CB5A /* NetworkLayer.swift */; };
		C5E1BC4B288B943900A7CB5A /* NetworkDataFetch.swift in Sources */ = {isa = PBXBuildFile; fileRef = C5E1BC4A288B943900A7CB5A /* NetworkDataFetch.swift */; };
		C5E1BC4F288B993000A7CB5A /* UserAPI.swift in Sources */ = {isa = PBXBuildFile; fileRef = C5E1BC4E288B993000A7CB5A /* UserAPI.swift */; };
		C5E1BC51288B9D2E00A7CB5A /* LaunchModel.swift in Sources */ = {isa = PBXBuildFile; fileRef = C5E1BC50288B9D2E00A7CB5A /* LaunchModel.swift */; };
/* End PBXBuildFile section */

/* Begin PBXFileReference section */
		C53844F0288F153D009531FF /* ViewModel.swift */ = {isa = PBXFileReference; lastKnownFileType = sourcecode.swift; path = ViewModel.swift; sourceTree = "<group>"; };
		C53844F2288F1557009531FF /* RocketVC.swift */ = {isa = PBXFileReference; lastKnownFileType = sourcecode.swift; path = RocketVC.swift; sourceTree = "<group>"; };
		C53844F4288F158F009531FF /* RocketsPageVC.swift */ = {isa = PBXFileReference; lastKnownFileType = sourcecode.swift; path = RocketsPageVC.swift; sourceTree = "<group>"; };
		C53844F7288F16C8009531FF /* RocketCollectionView.swift */ = {isa = PBXFileReference; lastKnownFileType = sourcecode.swift; path = RocketCollectionView.swift; sourceTree = "<group>"; };
		C53844F9288F171F009531FF /* RocketCompositionalLayout.swift */ = {isa = PBXFileReference; lastKnownFileType = sourcecode.swift; path = RocketCompositionalLayout.swift; sourceTree = "<group>"; };
		C53844FB288F7983009531FF /* ImageViewCell.swift */ = {isa = PBXFileReference; lastKnownFileType = sourcecode.swift; path = ImageViewCell.swift; sourceTree = "<group>"; };
		C53844FE288F900A009531FF /* LabGrotesque-Regular.ttf */ = {isa = PBXFileReference; lastKnownFileType = file; path = "LabGrotesque-Regular.ttf"; sourceTree = "<group>"; };
		C53844FF288F900A009531FF /* LabGrotesque-Medium.ttf */ = {isa = PBXFileReference; lastKnownFileType = file; path = "LabGrotesque-Medium.ttf"; sourceTree = "<group>"; };
		C5384500288F900A009531FF /* LabGrotesque-Light.ttf */ = {isa = PBXFileReference; lastKnownFileType = file; path = "LabGrotesque-Light.ttf"; sourceTree = "<group>"; };
		C5384501288F900A009531FF /* LabGrotesque-Bold.ttf */ = {isa = PBXFileReference; lastKnownFileType = file; path = "LabGrotesque-Bold.ttf"; sourceTree = "<group>"; };
		C5384502288F90EA009531FF /* HeaderView.swift */ = {isa = PBXFileReference; lastKnownFileType = sourcecode.swift; path = HeaderView.swift; sourceTree = "<group>"; };
		C5384505288F96DB009531FF /* UIView+Ext.swift */ = {isa = PBXFileReference; lastKnownFileType = sourcecode.swift; path = "UIView+Ext.swift"; sourceTree = "<group>"; };
		C538450B288FA4C8009531FF /* MainInfoViewCell.swift */ = {isa = PBXFileReference; lastKnownFileType = sourcecode.swift; path = MainInfoViewCell.swift; sourceTree = "<group>"; };
		C538450D288FA9CC009531FF /* SquareViewCell.swift */ = {isa = PBXFileReference; lastKnownFileType = sourcecode.swift; path = SquareViewCell.swift; sourceTree = "<group>"; };
		C538450F288FAB13009531FF /* UIColor+Ext.swift */ = {isa = PBXFileReference; lastKnownFileType = sourcecode.swift; path = "UIColor+Ext.swift"; sourceTree = "<group>"; };
		C5384511288FAD2F009531FF /* LabelHeadlineView.swift */ = {isa = PBXFileReference; lastKnownFileType = sourcecode.swift; path = LabelHeadlineView.swift; sourceTree = "<group>"; };
		C5384513288FAD6C009531FF /* ButtonFooterView.swift */ = {isa = PBXFileReference; lastKnownFileType = sourcecode.swift; path = ButtonFooterView.swift; sourceTree = "<group>"; };
		C5C584C428AC1D630072A168 /* Screens.swift */ = {isa = PBXFileReference; lastKnownFileType = sourcecode.swift; path = Screens.swift; sourceTree = "<group>"; };
		C5E1BC25288B817100A7CB5A /* SpaceXApp.app */ = {isa = PBXFileReference; explicitFileType = wrapper.application; includeInIndex = 0; path = SpaceXApp.app; sourceTree = BUILT_PRODUCTS_DIR; };
		C5E1BC28288B817100A7CB5A /* AppDelegate.swift */ = {isa = PBXFileReference; lastKnownFileType = sourcecode.swift; path = AppDelegate.swift; sourceTree = "<group>"; };
		C5E1BC2A288B817100A7CB5A /* SceneDelegate.swift */ = {isa = PBXFileReference; lastKnownFileType = sourcecode.swift; path = SceneDelegate.swift; sourceTree = "<group>"; };
		C5E1BC31288B817200A7CB5A /* Assets.xcassets */ = {isa = PBXFileReference; lastKnownFileType = folder.assetcatalog; path = Assets.xcassets; sourceTree = "<group>"; };
		C5E1BC36288B817200A7CB5A /* Info.plist */ = {isa = PBXFileReference; lastKnownFileType = text.plist.xml; path = Info.plist; sourceTree = "<group>"; };
		C5E1BC41288B87D000A7CB5A /* RocketModel.swift */ = {isa = PBXFileReference; lastKnownFileType = sourcecode.swift; path = RocketModel.swift; sourceTree = "<group>"; };
		C5E1BC43288B888500A7CB5A /* MeasurementModel.swift */ = {isa = PBXFileReference; lastKnownFileType = sourcecode.swift; path = MeasurementModel.swift; sourceTree = "<group>"; };
		C5E1BC48288B8F6900A7CB5A /* NetworkLayer.swift */ = {isa = PBXFileReference; lastKnownFileType = sourcecode.swift; path = NetworkLayer.swift; sourceTree = "<group>"; };
		C5E1BC4A288B943900A7CB5A /* NetworkDataFetch.swift */ = {isa = PBXFileReference; lastKnownFileType = sourcecode.swift; path = NetworkDataFetch.swift; sourceTree = "<group>"; };
		C5E1BC4E288B993000A7CB5A /* UserAPI.swift */ = {isa = PBXFileReference; lastKnownFileType = sourcecode.swift; path = UserAPI.swift; sourceTree = "<group>"; };
		C5E1BC50288B9D2E00A7CB5A /* LaunchModel.swift */ = {isa = PBXFileReference; lastKnownFileType = sourcecode.swift; path = LaunchModel.swift; sourceTree = "<group>"; };
/* End PBXFileReference section */

/* Begin PBXFrameworksBuildPhase section */
		C5E1BC22288B817100A7CB5A /* Frameworks */ = {
			isa = PBXFrameworksBuildPhase;
			buildActionMask = 2147483647;
			files = (
			);
			runOnlyForDeploymentPostprocessing = 0;
		};
/* End PBXFrameworksBuildPhase section */

/* Begin PBXGroup section */
		C53844ED288F1508009531FF /* Views */ = {
			isa = PBXGroup;
			children = (
				C53844F4288F158F009531FF /* RocketsPageVC.swift */,
				C53844F2288F1557009531FF /* RocketVC.swift */,
				C53844F6288F168A009531FF /* CollectionView */,
				C53844EF288F151B009531FF /* Helpers */,
			);
			path = Views;
			sourceTree = "<group>";
		};
		C53844EE288F1515009531FF /* Cells */ = {
			isa = PBXGroup;
			children = (
				C53844FB288F7983009531FF /* ImageViewCell.swift */,
				C538450B288FA4C8009531FF /* MainInfoViewCell.swift */,
				C538450D288FA9CC009531FF /* SquareViewCell.swift */,
			);
			path = Cells;
			sourceTree = "<group>";
		};
		C53844EF288F151B009531FF /* Helpers */ = {
			isa = PBXGroup;
			children = (
				C5384502288F90EA009531FF /* HeaderView.swift */,
				C5384511288FAD2F009531FF /* LabelHeadlineView.swift */,
				C5384513288FAD6C009531FF /* ButtonFooterView.swift */,
			);
			path = Helpers;
			sourceTree = "<group>";
		};
		C53844F6288F168A009531FF /* CollectionView */ = {
			isa = PBXGroup;
			children = (
				C53844F7288F16C8009531FF /* RocketCollectionView.swift */,
				C53844F9288F171F009531FF /* RocketCompositionalLayout.swift */,
				C53844EE288F1515009531FF /* Cells */,
			);
			path = CollectionView;
			sourceTree = "<group>";
		};
		C53844FD288F8FE2009531FF /* Fonts */ = {
			isa = PBXGroup;
			children = (
				C5384501288F900A009531FF /* LabGrotesque-Bold.ttf */,
				C5384500288F900A009531FF /* LabGrotesque-Light.ttf */,
				C53844FF288F900A009531FF /* LabGrotesque-Medium.ttf */,
				C53844FE288F900A009531FF /* LabGrotesque-Regular.ttf */,
			);
			path = Fonts;
			sourceTree = "<group>";
		};
		C5384504288F96CE009531FF /* Extensions */ = {
			isa = PBXGroup;
			children = (
				C5384505288F96DB009531FF /* UIView+Ext.swift */,
				C538450F288FAB13009531FF /* UIColor+Ext.swift */,
			);
			path = Extensions;
			sourceTree = "<group>";
		};
		C5E1BC1C288B817100A7CB5A = {
			isa = PBXGroup;
			children = (
				C5E1BC27288B817100A7CB5A /* SpaceXApp */,
				C5E1BC26288B817100A7CB5A /* Products */,
			);
			sourceTree = "<group>";
		};
		C5E1BC26288B817100A7CB5A /* Products */ = {
			isa = PBXGroup;
			children = (
				C5E1BC25288B817100A7CB5A /* SpaceXApp.app */,
			);
			name = Products;
			sourceTree = "<group>";
		};
		C5E1BC27288B817100A7CB5A /* SpaceXApp */ = {
			isa = PBXGroup;
			children = (
				C5384504288F96CE009531FF /* Extensions */,
				C53844FD288F8FE2009531FF /* Fonts */,
				C5E1BC45288B8E1A00A7CB5A /* Services */,
				C5E1BC40288B878D00A7CB5A /* Models */,
				C5E1BC3C288B835A00A7CB5A /* Modules */,
				C5E1BC28288B817100A7CB5A /* AppDelegate.swift */,
				C5E1BC2A288B817100A7CB5A /* SceneDelegate.swift */,
				C5E1BC31288B817200A7CB5A /* Assets.xcassets */,
				C5E1BC36288B817200A7CB5A /* Info.plist */,
			);
			path = SpaceXApp;
			sourceTree = "<group>";
		};
		C5E1BC3C288B835A00A7CB5A /* Modules */ = {
			isa = PBXGroup;
			children = (
				C53844F0288F153D009531FF /* ViewModel.swift */,
				C5E1BC3F288B868400A7CB5A /* Settings */,
				C5E1BC3E288B867300A7CB5A /* Launches */,
				C5E1BC3D288B866C00A7CB5A /* Rockets */,
			);
			path = Modules;
			sourceTree = "<group>";
		};
		C5E1BC3D288B866C00A7CB5A /* Rockets */ = {
			isa = PBXGroup;
			children = (
				C53844ED288F1508009531FF /* Views */,
			);
			path = Rockets;
			sourceTree = "<group>";
		};
		C5E1BC3E288B867300A7CB5A /* Launches */ = {
			isa = PBXGroup;
			children = (
			);
			path = Launches;
			sourceTree = "<group>";
		};
		C5E1BC3F288B868400A7CB5A /* Settings */ = {
			isa = PBXGroup;
			children = (
			);
			path = Settings;
			sourceTree = "<group>";
		};
		C5E1BC40288B878D00A7CB5A /* Models */ = {
			isa = PBXGroup;
			children = (
				C5E1BC41288B87D000A7CB5A /* RocketModel.swift */,
				C5E1BC43288B888500A7CB5A /* MeasurementModel.swift */,
				C5E1BC50288B9D2E00A7CB5A /* LaunchModel.swift */,
				C5C584C428AC1D630072A168 /* Screens.swift */,
			);
			path = Models;
			sourceTree = "<group>";
		};
		C5E1BC45288B8E1A00A7CB5A /* Services */ = {
			isa = PBXGroup;
			children = (
				C5E1BC47288B8F5200A7CB5A /* UserServices */,
				C5E1BC46288B8F4700A7CB5A /* NetworkLayer */,
			);
			path = Services;
			sourceTree = "<group>";
		};
		C5E1BC46288B8F4700A7CB5A /* NetworkLayer */ = {
			isa = PBXGroup;
			children = (
				C5E1BC48288B8F6900A7CB5A /* NetworkLayer.swift */,
				C5E1BC4A288B943900A7CB5A /* NetworkDataFetch.swift */,
			);
			path = NetworkLayer;
			sourceTree = "<group>";
		};
		C5E1BC47288B8F5200A7CB5A /* UserServices */ = {
			isa = PBXGroup;
			children = (
				C5E1BC4E288B993000A7CB5A /* UserAPI.swift */,
			);
			path = UserServices;
			sourceTree = "<group>";
		};
/* End PBXGroup section */

/* Begin PBXNativeTarget section */
		C5E1BC24288B817100A7CB5A /* SpaceXApp */ = {
			isa = PBXNativeTarget;
			buildConfigurationList = C5E1BC39288B817200A7CB5A /* Build configuration list for PBXNativeTarget "SpaceXApp" */;
			buildPhases = (
				C5E1BC21288B817100A7CB5A /* Sources */,
				C5E1BC22288B817100A7CB5A /* Frameworks */,
				C5E1BC23288B817100A7CB5A /* Resources */,
			);
			buildRules = (
			);
			dependencies = (
			);
			name = SpaceXApp;
			productName = SpaceXApp;
			productReference = C5E1BC25288B817100A7CB5A /* SpaceXApp.app */;
			productType = "com.apple.product-type.application";
		};
/* End PBXNativeTarget section */

/* Begin PBXProject section */
		C5E1BC1D288B817100A7CB5A /* Project object */ = {
			isa = PBXProject;
			attributes = {
				BuildIndependentTargetsInParallel = 1;
				LastSwiftUpdateCheck = 1330;
				LastUpgradeCheck = 1330;
				TargetAttributes = {
					C5E1BC24288B817100A7CB5A = {
						CreatedOnToolsVersion = 13.3;
					};
				};
			};
			buildConfigurationList = C5E1BC20288B817100A7CB5A /* Build configuration list for PBXProject "SpaceXApp" */;
			compatibilityVersion = "Xcode 13.0";
			developmentRegion = en;
			hasScannedForEncodings = 0;
			knownRegions = (
				en,
				Base,
			);
			mainGroup = C5E1BC1C288B817100A7CB5A;
			productRefGroup = C5E1BC26288B817100A7CB5A /* Products */;
			projectDirPath = "";
			projectRoot = "";
			targets = (
				C5E1BC24288B817100A7CB5A /* SpaceXApp */,
			);
		};
/* End PBXProject section */

/* Begin PBXResourcesBuildPhase section */
		C5E1BC23288B817100A7CB5A /* Resources */ = {
			isa = PBXResourcesBuildPhase;
			buildActionMask = 2147483647;
			files = (
				C5E1BC32288B817200A7CB5A /* Assets.xcassets in Resources */,
				C5384508288F982B009531FF /* LabGrotesque-Bold.ttf in Resources */,
				C538450A288F982B009531FF /* LabGrotesque-Regular.ttf in Resources */,
				C5384507288F982B009531FF /* LabGrotesque-Light.ttf in Resources */,
				C5384509288F982B009531FF /* LabGrotesque-Medium.ttf in Resources */,
			);
			runOnlyForDeploymentPostprocessing = 0;
		};
/* End PBXResourcesBuildPhase section */

/* Begin PBXSourcesBuildPhase section */
		C5E1BC21288B817100A7CB5A /* Sources */ = {
			isa = PBXSourcesBuildPhase;
			buildActionMask = 2147483647;
			files = (
				C5384512288FAD2F009531FF /* LabelHeadlineView.swift in Sources */,
				C5384514288FAD6C009531FF /* ButtonFooterView.swift in Sources */,
				C5384506288F96DB009531FF /* UIView+Ext.swift in Sources */,
				C538450E288FA9CC009531FF /* SquareViewCell.swift in Sources */,
				C5E1BC49288B8F6900A7CB5A /* NetworkLayer.swift in Sources */,
				C53844F8288F16C8009531FF /* RocketCollectionView.swift in Sources */,
				C5E1BC4B288B943900A7CB5A /* NetworkDataFetch.swift in Sources */,
				C5E1BC51288B9D2E00A7CB5A /* LaunchModel.swift in Sources */,
				C53844FA288F171F009531FF /* RocketCompositionalLayout.swift in Sources */,
				C53844F3288F1557009531FF /* RocketVC.swift in Sources */,
				C5E1BC44288B888500A7CB5A /* MeasurementModel.swift in Sources */,
				C538450C288FA4C8009531FF /* MainInfoViewCell.swift in Sources */,
				C5E1BC42288B87D000A7CB5A /* RocketModel.swift in Sources */,
				C5E1BC29288B817100A7CB5A /* AppDelegate.swift in Sources */,
				C5E1BC2B288B817100A7CB5A /* SceneDelegate.swift in Sources */,
				C53844F1288F153D009531FF /* ViewModel.swift in Sources */,
				C5E1BC4F288B993000A7CB5A /* UserAPI.swift in Sources */,
				C53844FC288F7983009531FF /* ImageViewCell.swift in Sources */,
				C5384510288FAB13009531FF /* UIColor+Ext.swift in Sources */,
				C53844F5288F158F009531FF /* RocketsPageVC.swift in Sources */,
				C5384503288F90EA009531FF /* HeaderView.swift in Sources */,
				C5C584C528AC1D630072A168 /* Screens.swift in Sources */,
			);
			runOnlyForDeploymentPostprocessing = 0;
		};
/* End PBXSourcesBuildPhase section */

/* Begin XCBuildConfiguration section */
		C5E1BC37288B817200A7CB5A /* Debug */ = {
			isa = XCBuildConfiguration;
			buildSettings = {
				ALWAYS_SEARCH_USER_PATHS = NO;
				CLANG_ANALYZER_NONNULL = YES;
				CLANG_ANALYZER_NUMBER_OBJECT_CONVERSION = YES_AGGRESSIVE;
				CLANG_CXX_LANGUAGE_STANDARD = "gnu++17";
				CLANG_ENABLE_MODULES = YES;
				CLANG_ENABLE_OBJC_ARC = YES;
				CLANG_ENABLE_OBJC_WEAK = YES;
				CLANG_WARN_BLOCK_CAPTURE_AUTORELEASING = YES;
				CLANG_WARN_BOOL_CONVERSION = YES;
				CLANG_WARN_COMMA = YES;
				CLANG_WARN_CONSTANT_CONVERSION = YES;
				CLANG_WARN_DEPRECATED_OBJC_IMPLEMENTATIONS = YES;
				CLANG_WARN_DIRECT_OBJC_ISA_USAGE = YES_ERROR;
				CLANG_WARN_DOCUMENTATION_COMMENTS = YES;
				CLANG_WARN_EMPTY_BODY = YES;
				CLANG_WARN_ENUM_CONVERSION = YES;
				CLANG_WARN_INFINITE_RECURSION = YES;
				CLANG_WARN_INT_CONVERSION = YES;
				CLANG_WARN_NON_LITERAL_NULL_CONVERSION = YES;
				CLANG_WARN_OBJC_IMPLICIT_RETAIN_SELF = YES;
				CLANG_WARN_OBJC_LITERAL_CONVERSION = YES;
				CLANG_WARN_OBJC_ROOT_CLASS = YES_ERROR;
				CLANG_WARN_QUOTED_INCLUDE_IN_FRAMEWORK_HEADER = YES;
				CLANG_WARN_RANGE_LOOP_ANALYSIS = YES;
				CLANG_WARN_STRICT_PROTOTYPES = YES;
				CLANG_WARN_SUSPICIOUS_MOVE = YES;
				CLANG_WARN_UNGUARDED_AVAILABILITY = YES_AGGRESSIVE;
				CLANG_WARN_UNREACHABLE_CODE = YES;
				CLANG_WARN__DUPLICATE_METHOD_MATCH = YES;
				COPY_PHASE_STRIP = NO;
				DEBUG_INFORMATION_FORMAT = dwarf;
				ENABLE_STRICT_OBJC_MSGSEND = YES;
				ENABLE_TESTABILITY = YES;
				GCC_C_LANGUAGE_STANDARD = gnu11;
				GCC_DYNAMIC_NO_PIC = NO;
				GCC_NO_COMMON_BLOCKS = YES;
				GCC_OPTIMIZATION_LEVEL = 0;
				GCC_PREPROCESSOR_DEFINITIONS = (
					"DEBUG=1",
					"$(inherited)",
				);
				GCC_WARN_64_TO_32_BIT_CONVERSION = YES;
				GCC_WARN_ABOUT_RETURN_TYPE = YES_ERROR;
				GCC_WARN_UNDECLARED_SELECTOR = YES;
				GCC_WARN_UNINITIALIZED_AUTOS = YES_AGGRESSIVE;
				GCC_WARN_UNUSED_FUNCTION = YES;
				GCC_WARN_UNUSED_VARIABLE = YES;
				IPHONEOS_DEPLOYMENT_TARGET = 15.4;
				MTL_ENABLE_DEBUG_INFO = INCLUDE_SOURCE;
				MTL_FAST_MATH = YES;
				ONLY_ACTIVE_ARCH = YES;
				SDKROOT = iphoneos;
				SWIFT_ACTIVE_COMPILATION_CONDITIONS = DEBUG;
				SWIFT_OPTIMIZATION_LEVEL = "-Onone";
			};
			name = Debug;
		};
		C5E1BC38288B817200A7CB5A /* Release */ = {
			isa = XCBuildConfiguration;
			buildSettings = {
				ALWAYS_SEARCH_USER_PATHS = NO;
				CLANG_ANALYZER_NONNULL = YES;
				CLANG_ANALYZER_NUMBER_OBJECT_CONVERSION = YES_AGGRESSIVE;
				CLANG_CXX_LANGUAGE_STANDARD = "gnu++17";
				CLANG_ENABLE_MODULES = YES;
				CLANG_ENABLE_OBJC_ARC = YES;
				CLANG_ENABLE_OBJC_WEAK = YES;
				CLANG_WARN_BLOCK_CAPTURE_AUTORELEASING = YES;
				CLANG_WARN_BOOL_CONVERSION = YES;
				CLANG_WARN_COMMA = YES;
				CLANG_WARN_CONSTANT_CONVERSION = YES;
				CLANG_WARN_DEPRECATED_OBJC_IMPLEMENTATIONS = YES;
				CLANG_WARN_DIRECT_OBJC_ISA_USAGE = YES_ERROR;
				CLANG_WARN_DOCUMENTATION_COMMENTS = YES;
				CLANG_WARN_EMPTY_BODY = YES;
				CLANG_WARN_ENUM_CONVERSION = YES;
				CLANG_WARN_INFINITE_RECURSION = YES;
				CLANG_WARN_INT_CONVERSION = YES;
				CLANG_WARN_NON_LITERAL_NULL_CONVERSION = YES;
				CLANG_WARN_OBJC_IMPLICIT_RETAIN_SELF = YES;
				CLANG_WARN_OBJC_LITERAL_CONVERSION = YES;
				CLANG_WARN_OBJC_ROOT_CLASS = YES_ERROR;
				CLANG_WARN_QUOTED_INCLUDE_IN_FRAMEWORK_HEADER = YES;
				CLANG_WARN_RANGE_LOOP_ANALYSIS = YES;
				CLANG_WARN_STRICT_PROTOTYPES = YES;
				CLANG_WARN_SUSPICIOUS_MOVE = YES;
				CLANG_WARN_UNGUARDED_AVAILABILITY = YES_AGGRESSIVE;
				CLANG_WARN_UNREACHABLE_CODE = YES;
				CLANG_WARN__DUPLICATE_METHOD_MATCH = YES;
				COPY_PHASE_STRIP = NO;
				DEBUG_INFORMATION_FORMAT = "dwarf-with-dsym";
				ENABLE_NS_ASSERTIONS = NO;
				ENABLE_STRICT_OBJC_MSGSEND = YES;
				GCC_C_LANGUAGE_STANDARD = gnu11;
				GCC_NO_COMMON_BLOCKS = YES;
				GCC_WARN_64_TO_32_BIT_CONVERSION = YES;
				GCC_WARN_ABOUT_RETURN_TYPE = YES_ERROR;
				GCC_WARN_UNDECLARED_SELECTOR = YES;
				GCC_WARN_UNINITIALIZED_AUTOS = YES_AGGRESSIVE;
				GCC_WARN_UNUSED_FUNCTION = YES;
				GCC_WARN_UNUSED_VARIABLE = YES;
				IPHONEOS_DEPLOYMENT_TARGET = 15.4;
				MTL_ENABLE_DEBUG_INFO = NO;
				MTL_FAST_MATH = YES;
				SDKROOT = iphoneos;
				SWIFT_COMPILATION_MODE = wholemodule;
				SWIFT_OPTIMIZATION_LEVEL = "-O";
				VALIDATE_PRODUCT = YES;
			};
			name = Release;
		};
		C5E1BC3A288B817200A7CB5A /* Debug */ = {
			isa = XCBuildConfiguration;
			buildSettings = {
				ASSETCATALOG_COMPILER_APPICON_NAME = AppIcon;
				ASSETCATALOG_COMPILER_GLOBAL_ACCENT_COLOR_NAME = AccentColor;
				CODE_SIGN_STYLE = Automatic;
				CURRENT_PROJECT_VERSION = 1;
				DEVELOPMENT_TEAM = CW9ZZNL977;
				GENERATE_INFOPLIST_FILE = YES;
				INFOPLIST_FILE = SpaceXApp/Info.plist;
				INFOPLIST_KEY_UIApplicationSupportsIndirectInputEvents = YES;
				INFOPLIST_KEY_UILaunchStoryboardName = LaunchScreen;
				INFOPLIST_KEY_UISupportedInterfaceOrientations_iPad = "UIInterfaceOrientationPortrait UIInterfaceOrientationPortraitUpsideDown UIInterfaceOrientationLandscapeLeft UIInterfaceOrientationLandscapeRight";
				INFOPLIST_KEY_UISupportedInterfaceOrientations_iPhone = "UIInterfaceOrientationPortrait UIInterfaceOrientationLandscapeLeft UIInterfaceOrientationLandscapeRight";
				IPHONEOS_DEPLOYMENT_TARGET = 15.0;
				LD_RUNPATH_SEARCH_PATHS = (
					"$(inherited)",
					"@executable_path/Frameworks",
				);
				MARKETING_VERSION = 1.0;
				PRODUCT_BUNDLE_IDENTIFIER = com.txmi.SpaceXApp;
				PRODUCT_NAME = "$(TARGET_NAME)";
				SWIFT_EMIT_LOC_STRINGS = YES;
				SWIFT_VERSION = 5.0;
				TARGETED_DEVICE_FAMILY = 1;
			};
			name = Debug;
		};
		C5E1BC3B288B817200A7CB5A /* Release */ = {
			isa = XCBuildConfiguration;
			buildSettings = {
				ASSETCATALOG_COMPILER_APPICON_NAME = AppIcon;
				ASSETCATALOG_COMPILER_GLOBAL_ACCENT_COLOR_NAME = AccentColor;
				CODE_SIGN_STYLE = Automatic;
				CURRENT_PROJECT_VERSION = 1;
				DEVELOPMENT_TEAM = CW9ZZNL977;
				GENERATE_INFOPLIST_FILE = YES;
				INFOPLIST_FILE = SpaceXApp/Info.plist;
				INFOPLIST_KEY_UIApplicationSupportsIndirectInputEvents = YES;
				INFOPLIST_KEY_UILaunchStoryboardName = LaunchScreen;
				INFOPLIST_KEY_UISupportedInterfaceOrientations_iPad = "UIInterfaceOrientationPortrait UIInterfaceOrientationPortraitUpsideDown UIInterfaceOrientationLandscapeLeft UIInterfaceOrientationLandscapeRight";
				INFOPLIST_KEY_UISupportedInterfaceOrientations_iPhone = "UIInterfaceOrientationPortrait UIInterfaceOrientationLandscapeLeft UIInterfaceOrientationLandscapeRight";
				IPHONEOS_DEPLOYMENT_TARGET = 15.0;
				LD_RUNPATH_SEARCH_PATHS = (
					"$(inherited)",
					"@executable_path/Frameworks",
				);
				MARKETING_VERSION = 1.0;
				PRODUCT_BUNDLE_IDENTIFIER = com.txmi.SpaceXApp;
				PRODUCT_NAME = "$(TARGET_NAME)";
				SWIFT_EMIT_LOC_STRINGS = YES;
				SWIFT_VERSION = 5.0;
				TARGETED_DEVICE_FAMILY = 1;
			};
			name = Release;
		};
/* End XCBuildConfiguration section */

/* Begin XCConfigurationList section */
		C5E1BC20288B817100A7CB5A /* Build configuration list for PBXProject "SpaceXApp" */ = {
			isa = XCConfigurationList;
			buildConfigurations = (
				C5E1BC37288B817200A7CB5A /* Debug */,
				C5E1BC38288B817200A7CB5A /* Release */,
			);
			defaultConfigurationIsVisible = 0;
			defaultConfigurationName = Release;
		};
		C5E1BC39288B817200A7CB5A /* Build configuration list for PBXNativeTarget "SpaceXApp" */ = {
			isa = XCConfigurationList;
			buildConfigurations = (
				C5E1BC3A288B817200A7CB5A /* Debug */,
				C5E1BC3B288B817200A7CB5A /* Release */,
			);
			defaultConfigurationIsVisible = 0;
			defaultConfigurationName = Release;
		};
/* End XCConfigurationList section */
	};
	rootObject = C5E1BC1D288B817100A7CB5A /* Project object */;
}
